
Microsoft Visual Studio Solution File, Format Version 12.00
Project("{2150E333-8FDC-42A3-9474-1A3956D46DE8}") = "src", "src", "{1DFDD4CE-9013-4A9D-9B9A-0DABB0BE427F}"
EndProject
Project("{2150E333-8FDC-42A3-9474-1A3956D46DE8}") = "tests", "tests", "{47224092-4A3E-485A-9A78-98F3F60A7BD5}"
EndProject
Project("{2150E333-8FDC-42A3-9474-1A3956D46DE8}") = "Presentations", "Presentations", "{1C6981F8-0F5C-414C-9258-1D57EB2ED162}"
EndProject
Project("{2150E333-8FDC-42A3-9474-1A3956D46DE8}") = "Infrastructures", "Infrastructures", "{62F7F556-4084-47B4-8107-AC191A161A36}"
EndProject
Project("{FAE04EC0-301F-11D3-BF4B-00C04F79EFBC}") = "CleanArchitecture.Infrastructure", "src\Infrastructures\CleanArchitecture.Infrastructure\CleanArchitecture.Infrastructure.csproj", "{609A48B0-1C01-4275-9EB4-6DB80FEB47F4}"
EndProject
Project("{2150E333-8FDC-42A3-9474-1A3956D46DE8}") = "Domains", "Domains", "{E5F4C861-6E35-4671-A469-A40BF13E8C07}"
EndProject
Project("{FAE04EC0-301F-11D3-BF4B-00C04F79EFBC}") = "CleanArchitecture.Domain", "src\Domains\CleanArchitecture.Domain\CleanArchitecture.Domain.csproj", "{9C49895A-B01D-4650-A1B6-81C14B1C8CA8}"
EndProject
Project("{FAE04EC0-301F-11D3-BF4B-00C04F79EFBC}") = "CleanArchitecture.Api", "src\Presentations\CleanArchitecture.Api\CleanArchitecture.Api.csproj", "{6DF45AAA-31C5-44B3-93BF-844EB61A004D}"
EndProject
Project("{FAE04EC0-301F-11D3-BF4B-00C04F79EFBC}") = "CleanArchitecture.Domain.UnitTests", "tests\CleanArchitecture.Domain.UnitTests\CleanArchitecture.Domain.UnitTests.csproj", "{C569A0D1-399C-4551-89CE-548EC3CB79D2}"
EndProject
Project("{FAE04EC0-301F-11D3-BF4B-00C04F79EFBC}") = "CleanArchitecture.Infrastructure.Azure", "src\Infrastructures\CleanArchitecture.Infrastructure.Azure\CleanArchitecture.Infrastructure.Azure.csproj", "{DA3CF1F9-B863-40F5-9FEA-A3E4B611A8D9}"
EndProject
Project("{2150E333-8FDC-42A3-9474-1A3956D46DE8}") = "Applications", "Applications", "{CAE4DBD3-FDD0-4919-A29A-3EC3E06B30C7}"
EndProject
Project("{FAE04EC0-301F-11D3-BF4B-00C04F79EFBC}") = "CleanArchitecture.Application", "src\Applications\CleanArchitecture.Application\CleanArchitecture.Application.csproj", "{6E752D22-35D7-47C2-AEF8-F9D733E8D086}"
EndProject
Global
	GlobalSection(SolutionConfigurationPlatforms) = preSolution
		Debug|Any CPU = Debug|Any CPU
		Release|Any CPU = Release|Any CPU
	EndGlobalSection
	GlobalSection(NestedProjects) = preSolution
		{1C6981F8-0F5C-414C-9258-1D57EB2ED162} = {1DFDD4CE-9013-4A9D-9B9A-0DABB0BE427F}
		{62F7F556-4084-47B4-8107-AC191A161A36} = {1DFDD4CE-9013-4A9D-9B9A-0DABB0BE427F}
		{609A48B0-1C01-4275-9EB4-6DB80FEB47F4} = {62F7F556-4084-47B4-8107-AC191A161A36}
		{E5F4C861-6E35-4671-A469-A40BF13E8C07} = {1DFDD4CE-9013-4A9D-9B9A-0DABB0BE427F}
		{9C49895A-B01D-4650-A1B6-81C14B1C8CA8} = {E5F4C861-6E35-4671-A469-A40BF13E8C07}
		{6DF45AAA-31C5-44B3-93BF-844EB61A004D} = {1C6981F8-0F5C-414C-9258-1D57EB2ED162}
		{C569A0D1-399C-4551-89CE-548EC3CB79D2} = {47224092-4A3E-485A-9A78-98F3F60A7BD5}
		{DA3CF1F9-B863-40F5-9FEA-A3E4B611A8D9} = {62F7F556-4084-47B4-8107-AC191A161A36}
		{CAE4DBD3-FDD0-4919-A29A-3EC3E06B30C7} = {1DFDD4CE-9013-4A9D-9B9A-0DABB0BE427F}
		{6E752D22-35D7-47C2-AEF8-F9D733E8D086} = {CAE4DBD3-FDD0-4919-A29A-3EC3E06B30C7}
	EndGlobalSection
	GlobalSection(ProjectConfigurationPlatforms) = postSolution
		{609A48B0-1C01-4275-9EB4-6DB80FEB47F4}.Debug|Any CPU.ActiveCfg = Debug|Any CPU
		{609A48B0-1C01-4275-9EB4-6DB80FEB47F4}.Debug|Any CPU.Build.0 = Debug|Any CPU
		{609A48B0-1C01-4275-9EB4-6DB80FEB47F4}.Release|Any CPU.ActiveCfg = Release|Any CPU
		{609A48B0-1C01-4275-9EB4-6DB80FEB47F4}.Release|Any CPU.Build.0 = Release|Any CPU
		{9C49895A-B01D-4650-A1B6-81C14B1C8CA8}.Debug|Any CPU.ActiveCfg = Debug|Any CPU
		{9C49895A-B01D-4650-A1B6-81C14B1C8CA8}.Debug|Any CPU.Build.0 = Debug|Any CPU
		{9C49895A-B01D-4650-A1B6-81C14B1C8CA8}.Release|Any CPU.ActiveCfg = Release|Any CPU
		{9C49895A-B01D-4650-A1B6-81C14B1C8CA8}.Release|Any CPU.Build.0 = Release|Any CPU
		{6DF45AAA-31C5-44B3-93BF-844EB61A004D}.Debug|Any CPU.ActiveCfg = Debug|Any CPU
		{6DF45AAA-31C5-44B3-93BF-844EB61A004D}.Debug|Any CPU.Build.0 = Debug|Any CPU
		{6DF45AAA-31C5-44B3-93BF-844EB61A004D}.Release|Any CPU.ActiveCfg = Release|Any CPU
		{6DF45AAA-31C5-44B3-93BF-844EB61A004D}.Release|Any CPU.Build.0 = Release|Any CPU
		{C569A0D1-399C-4551-89CE-548EC3CB79D2}.Debug|Any CPU.ActiveCfg = Debug|Any CPU
		{C569A0D1-399C-4551-89CE-548EC3CB79D2}.Debug|Any CPU.Build.0 = Debug|Any CPU
		{C569A0D1-399C-4551-89CE-548EC3CB79D2}.Release|Any CPU.ActiveCfg = Release|Any CPU
		{C569A0D1-399C-4551-89CE-548EC3CB79D2}.Release|Any CPU.Build.0 = Release|Any CPU
		{DA3CF1F9-B863-40F5-9FEA-A3E4B611A8D9}.Debug|Any CPU.ActiveCfg = Debug|Any CPU
		{DA3CF1F9-B863-40F5-9FEA-A3E4B611A8D9}.Debug|Any CPU.Build.0 = Debug|Any CPU
		{DA3CF1F9-B863-40F5-9FEA-A3E4B611A8D9}.Release|Any CPU.ActiveCfg = Release|Any CPU
		{DA3CF1F9-B863-40F5-9FEA-A3E4B611A8D9}.Release|Any CPU.Build.0 = Release|Any CPU
		{6E752D22-35D7-47C2-AEF8-F9D733E8D086}.Debug|Any CPU.ActiveCfg = Debug|Any CPU
		{6E752D22-35D7-47C2-AEF8-F9D733E8D086}.Debug|Any CPU.Build.0 = Debug|Any CPU
		{6E752D22-35D7-47C2-AEF8-F9D733E8D086}.Release|Any CPU.ActiveCfg = Release|Any CPU
		{6E752D22-35D7-47C2-AEF8-F9D733E8D086}.Release|Any CPU.Build.0 = Release|Any CPU
	EndGlobalSection
EndGlobal
